# generated by rye
# use `rye lock` or `rye sync` to update this lockfile
#
# last locked with the following flags:
#   pre: false
#   features: []
#   all-features: true
#   with-sources: false
#   generate-hashes: false
#   universal: false

-e file:.
certifi==2024.12.14
    # via requests
charset-normalizer==3.4.1
    # via requests
idna==3.10
    # via requests
loguru==0.7.3
    # via pve-cslb
proxmoxer==2.2.0
    # via pve-cslb
pyyaml==6.0.2
    # via pve-cslb
requests==2.32.3
    # via pve-cslb
urllib3==2.3.0
    # via requests
